
Microsoft Visual Studio Solution File, Format Version 12.00
# Visual Studio Version 17
VisualStudioVersion = 17.9.34622.214
MinimumVisualStudioVersion = 10.0.40219.1
Project("{FAE04EC0-301F-11D3-BF4B-00C04F79EFBC}") = "Tickets", "Tickets\Tickets.csproj", "{498F8A94-30FA-4790-ADA5-7D1DCC6FF0CD}"
EndProject
Global
	GlobalSection(SolutionConfigurationPlatforms) = preSolution
		Debug|Any CPU = Debug|Any CPU
		Release|Any CPU = Release|Any CPU
	EndGlobalSection
	GlobalSection(ProjectConfigurationPlatforms) = postSolution
		{498F8A94-30FA-4790-ADA5-7D1DCC6FF0CD}.Debug|Any CPU.ActiveCfg = Debug|Any CPU
		{498F8A94-30FA-4790-ADA5-7D1DCC6FF0CD}.Debug|Any CPU.Build.0 = Debug|Any CPU
		{498F8A94-30FA-4790-ADA5-7D1DCC6FF0CD}.Release|Any CPU.ActiveCfg = Release|Any CPU
		{498F8A94-30FA-4790-ADA5-7D1DCC6FF0CD}.Release|Any CPU.Build.0 = Release|Any CPU
	EndGlobalSection
	GlobalSection(SolutionProperties) = preSolution
		HideSolutionNode = FALSE
	EndGlobalSection
	GlobalSection(ExtensibilityGlobals) = postSolution
		SolutionGuid = {3F36D39F-BB87-489D-B215-4BD98E7F5FC7}
	EndGlobalSection
EndGlobal
